
Microsoft Visual Studio Solution File, Format Version 12.00
# Visual Studio Version 17
VisualStudioVersion = 17.3.32922.545
MinimumVisualStudioVersion = 10.0.40219.1
Project("{FAE04EC0-301F-11D3-BF4B-00C04F79EFBC}") = "1306200042_giodev4", "1306200042_giodev4\1306200042_giodev4.csproj", "{66166610-B4D7-4281-A380-EA07BA935C63}"
EndProject
Global
	GlobalSection(SolutionConfigurationPlatforms) = preSolution
		Debug|Any CPU = Debug|Any CPU
		Release|Any CPU = Release|Any CPU
	EndGlobalSection
	GlobalSection(ProjectConfigurationPlatforms) = postSolution
		{66166610-B4D7-4281-A380-EA07BA935C63}.Debug|Any CPU.ActiveCfg = Debug|Any CPU
		{66166610-B4D7-4281-A380-EA07BA935C63}.Debug|Any CPU.Build.0 = Debug|Any CPU
		{66166610-B4D7-4281-A380-EA07BA935C63}.Release|Any CPU.ActiveCfg = Release|Any CPU
		{66166610-B4D7-4281-A380-EA07BA935C63}.Release|Any CPU.Build.0 = Release|Any CPU
	EndGlobalSection
	GlobalSection(SolutionProperties) = preSolution
		HideSolutionNode = FALSE
	EndGlobalSection
	GlobalSection(ExtensibilityGlobals) = postSolution
		SolutionGuid = {9AD7F476-B531-413F-8D73-E091533D8259}
	EndGlobalSection
EndGlobal
